
Microsoft Visual Studio Solution File, Format Version 12.00
# Visual Studio Version 17
VisualStudioVersion = 17.2.32602.215
MinimumVisualStudioVersion = 10.0.40219.1
Project("{9A19103F-16F7-4668-BE54-9A1E7A4F7556}") = "WebAPI", "WebAPI.csproj", "{CBF42388-14B8-42F0-89DC-F9C77F27795C}"
EndProject
Project("{2150E333-8FDC-42A3-9474-1A3956D46DE8}") = "Solution Items", "Solution Items", "{AB175244-E4A7-49FA-87A7-74E59B11247D}"
	ProjectSection(SolutionItems) = preProject
		.editorconfig = .editorconfig
	EndProjectSection
EndProject
Global
	GlobalSection(SolutionConfigurationPlatforms) = preSolution
		Debug|Any CPU = Debug|Any CPU
		Release|Any CPU = Release|Any CPU
	EndGlobalSection
	GlobalSection(ProjectConfigurationPlatforms) = postSolution
		{CBF42388-14B8-42F0-89DC-F9C77F27795C}.Debug|Any CPU.ActiveCfg = Debug|Any CPU
		{CBF42388-14B8-42F0-89DC-F9C77F27795C}.Debug|Any CPU.Build.0 = Debug|Any CPU
		{CBF42388-14B8-42F0-89DC-F9C77F27795C}.Release|Any CPU.ActiveCfg = Release|Any CPU
		{CBF42388-14B8-42F0-89DC-F9C77F27795C}.Release|Any CPU.Build.0 = Release|Any CPU
	EndGlobalSection
	GlobalSection(SolutionProperties) = preSolution
		HideSolutionNode = FALSE
	EndGlobalSection
	GlobalSection(ExtensibilityGlobals) = postSolution
		SolutionGuid = {A0F9ADBA-7E65-4AB6-AEF9-17CB060467E1}
	EndGlobalSection
EndGlobal
